
Microsoft Visual Studio Solution File, Format Version 12.00
# Visual Studio Version 16
VisualStudioVersion = 16.0.30907.101
MinimumVisualStudioVersion = 10.0.40219.1
Project("{FAE04EC0-301F-11D3-BF4B-00C04F79EFBC}") = "pattLab", "pattLab\pattLab.csproj", "{E4A85DFD-EAB7-45DE-B486-1ECD80129ED5}"
EndProject
Global
	GlobalSection(SolutionConfigurationPlatforms) = preSolution
		Debug|Any CPU = Debug|Any CPU
		Release|Any CPU = Release|Any CPU
	EndGlobalSection
	GlobalSection(ProjectConfigurationPlatforms) = postSolution
		{E4A85DFD-EAB7-45DE-B486-1ECD80129ED5}.Debug|Any CPU.ActiveCfg = Debug|Any CPU
		{E4A85DFD-EAB7-45DE-B486-1ECD80129ED5}.Debug|Any CPU.Build.0 = Debug|Any CPU
		{E4A85DFD-EAB7-45DE-B486-1ECD80129ED5}.Release|Any CPU.ActiveCfg = Release|Any CPU
		{E4A85DFD-EAB7-45DE-B486-1ECD80129ED5}.Release|Any CPU.Build.0 = Release|Any CPU
	EndGlobalSection
	GlobalSection(SolutionProperties) = preSolution
		HideSolutionNode = FALSE
	EndGlobalSection
	GlobalSection(ExtensibilityGlobals) = postSolution
		SolutionGuid = {E74332F0-A023-430E-8213-542D010C2572}
	EndGlobalSection
EndGlobal
